github.com/PeerDB-io/glua64 v1.0.1 h1:biXLlFF/L5pnJCwDon7hkWkuQPozC8NjKS3J7Wzi69I=
github.com/PeerDB-io/glua64 v1.0.1/go.mod h1:UHmAhniv61bJPMhQvxkpC7jXbn353dSbQviu83bgQVg=
github.com/yuin/gopher-lua v1.1.1 h1:kYKnWBjvbNP4XLT3+bPEwAXJx262OhaHDWDVOPjL46M=
github.com/yuin/gopher-lua v1.1.1/go.mod h1:GBR0iDaNXjAgGg9zfCvksxSRnQx76gclCIb7kdAd1Pw=
